
Microsoft Visual Studio Solution File, Format Version 12.00
# Visual Studio 15
VisualStudioVersion = 15.0.27428.2043
MinimumVisualStudioVersion = 10.0.40219.1
Project("{2150E333-8FDC-42A3-9474-1A3956D46DE8}") = "Protocols", "Protocols", "{897B6156-5F47-4B9F-BC00-764BA765C6D2}"
EndProject
Project("{2150E333-8FDC-42A3-9474-1A3956D46DE8}") = "OpenFlow", "OpenFlow", "{F205756D-0A34-40BA-A155-36DB108A8556}"
EndProject
Project("{2150E333-8FDC-42A3-9474-1A3956D46DE8}") = "Ctl", "Ctl", "{89DAA676-E527-4CB1-BD6B-ADE1879B0868}"
EndProject
Project("{2150E333-8FDC-42A3-9474-1A3956D46DE8}") = "Src", "Src", "{77EA15D0-80E3-4FD0-A2BE-66089D527A28}"
EndProject
Project("{2150E333-8FDC-42A3-9474-1A3956D46DE8}") = "Main", "Main", "{37B91797-FC4F-4D00-9BB0-ECE66CD1EF52}"
EndProject
Project("{2150E333-8FDC-42A3-9474-1A3956D46DE8}") = "Test", "Test", "{305A2AC5-DD7D-4316-8979-FBCE0A14D786}"
EndProject
Project("{2150E333-8FDC-42A3-9474-1A3956D46DE8}") = "Core", "Core", "{18896049-DC3C-481D-8988-5FD574FC29AD}"
EndProject
Project("{FAE04EC0-301F-11D3-BF4B-00C04F79EFBC}") = "Onos.Net.Protocols.OpenFlow", "Protocols\OpenFlow\Ctl\Src\Main\Onos.Net.Protocols.OpenFlow\Onos.Net.Protocols.OpenFlow.csproj", "{E35D5B0A-D578-4EA4-BAF6-8F67B4CA3E1D}"
EndProject
Project("{2150E333-8FDC-42A3-9474-1A3956D46DE8}") = "Api", "Api", "{265D9E03-0675-45BD-A746-9CA03D74B7AF}"
EndProject
Project("{2150E333-8FDC-42A3-9474-1A3956D46DE8}") = "Common", "Common", "{D76E588D-2EAA-4D8C-9489-8A4CDF3EB548}"
EndProject
Project("{2150E333-8FDC-42A3-9474-1A3956D46DE8}") = "Net", "Net", "{BAB3D1CD-0AA1-427F-8B70-D564BCCC8C05}"
EndProject
Project("{2150E333-8FDC-42A3-9474-1A3956D46DE8}") = "Security", "Security", "{056B35BB-404C-44FD-89EA-C6BAD98BA708}"
EndProject
Project("{2150E333-8FDC-42A3-9474-1A3956D46DE8}") = "Store", "Store", "{7842D210-61C8-4AD8-A3BE-C7DBB14272B2}"
EndProject
Project("{2150E333-8FDC-42A3-9474-1A3956D46DE8}") = "Utils", "Utils", "{0962371A-FD3A-45B2-9E9D-46AF941981C2}"
EndProject
Project("{2150E333-8FDC-42A3-9474-1A3956D46DE8}") = "Misc", "Misc", "{CE2A0088-9E9B-4947-8531-1FDC8A0C7D3E}"
EndProject
Project("{2150E333-8FDC-42A3-9474-1A3956D46DE8}") = "Src", "Src", "{94CE31F8-87D6-4EED-87A0-034AE4A3AF42}"
EndProject
Project("{2150E333-8FDC-42A3-9474-1A3956D46DE8}") = "Main", "Main", "{4D73E306-F533-4F95-92A2-C90E74B0F5CB}"
EndProject
Project("{2150E333-8FDC-42A3-9474-1A3956D46DE8}") = "Test", "Test", "{2A131450-BA15-426D-A0B0-A0D8758D0FBE}"
EndProject
Project("{FAE04EC0-301F-11D3-BF4B-00C04F79EFBC}") = "Onos.Net.Utils.Misc.OnLab", "Utils\Misc\Src\Main\Onos.Net.Utils.Misc.OnLab\Onos.Net.Utils.Misc.OnLab.csproj", "{07AA3A62-768A-48C3-8936-EB71BF700F96}"
EndProject
Global
	GlobalSection(SolutionConfigurationPlatforms) = preSolution
		Debug|Any CPU = Debug|Any CPU
		Release|Any CPU = Release|Any CPU
	EndGlobalSection
	GlobalSection(ProjectConfigurationPlatforms) = postSolution
		{E35D5B0A-D578-4EA4-BAF6-8F67B4CA3E1D}.Debug|Any CPU.ActiveCfg = Debug|Any CPU
		{E35D5B0A-D578-4EA4-BAF6-8F67B4CA3E1D}.Debug|Any CPU.Build.0 = Debug|Any CPU
		{E35D5B0A-D578-4EA4-BAF6-8F67B4CA3E1D}.Release|Any CPU.ActiveCfg = Release|Any CPU
		{E35D5B0A-D578-4EA4-BAF6-8F67B4CA3E1D}.Release|Any CPU.Build.0 = Release|Any CPU
		{07AA3A62-768A-48C3-8936-EB71BF700F96}.Debug|Any CPU.ActiveCfg = Debug|Any CPU
		{07AA3A62-768A-48C3-8936-EB71BF700F96}.Debug|Any CPU.Build.0 = Debug|Any CPU
		{07AA3A62-768A-48C3-8936-EB71BF700F96}.Release|Any CPU.ActiveCfg = Release|Any CPU
		{07AA3A62-768A-48C3-8936-EB71BF700F96}.Release|Any CPU.Build.0 = Release|Any CPU
	EndGlobalSection
	GlobalSection(SolutionProperties) = preSolution
		HideSolutionNode = FALSE
	EndGlobalSection
	GlobalSection(NestedProjects) = preSolution
		{F205756D-0A34-40BA-A155-36DB108A8556} = {897B6156-5F47-4B9F-BC00-764BA765C6D2}
		{89DAA676-E527-4CB1-BD6B-ADE1879B0868} = {F205756D-0A34-40BA-A155-36DB108A8556}
		{77EA15D0-80E3-4FD0-A2BE-66089D527A28} = {89DAA676-E527-4CB1-BD6B-ADE1879B0868}
		{37B91797-FC4F-4D00-9BB0-ECE66CD1EF52} = {77EA15D0-80E3-4FD0-A2BE-66089D527A28}
		{305A2AC5-DD7D-4316-8979-FBCE0A14D786} = {77EA15D0-80E3-4FD0-A2BE-66089D527A28}
		{E35D5B0A-D578-4EA4-BAF6-8F67B4CA3E1D} = {37B91797-FC4F-4D00-9BB0-ECE66CD1EF52}
		{265D9E03-0675-45BD-A746-9CA03D74B7AF} = {18896049-DC3C-481D-8988-5FD574FC29AD}
		{D76E588D-2EAA-4D8C-9489-8A4CDF3EB548} = {18896049-DC3C-481D-8988-5FD574FC29AD}
		{BAB3D1CD-0AA1-427F-8B70-D564BCCC8C05} = {18896049-DC3C-481D-8988-5FD574FC29AD}
		{056B35BB-404C-44FD-89EA-C6BAD98BA708} = {18896049-DC3C-481D-8988-5FD574FC29AD}
		{7842D210-61C8-4AD8-A3BE-C7DBB14272B2} = {18896049-DC3C-481D-8988-5FD574FC29AD}
		{CE2A0088-9E9B-4947-8531-1FDC8A0C7D3E} = {0962371A-FD3A-45B2-9E9D-46AF941981C2}
		{94CE31F8-87D6-4EED-87A0-034AE4A3AF42} = {CE2A0088-9E9B-4947-8531-1FDC8A0C7D3E}
		{4D73E306-F533-4F95-92A2-C90E74B0F5CB} = {94CE31F8-87D6-4EED-87A0-034AE4A3AF42}
		{2A131450-BA15-426D-A0B0-A0D8758D0FBE} = {94CE31F8-87D6-4EED-87A0-034AE4A3AF42}
		{07AA3A62-768A-48C3-8936-EB71BF700F96} = {4D73E306-F533-4F95-92A2-C90E74B0F5CB}
	EndGlobalSection
	GlobalSection(ExtensibilityGlobals) = postSolution
		SolutionGuid = {999F1947-B2A7-47E3-8742-B7CA7275D2B7}
	EndGlobalSection
EndGlobal
